
Microsoft Visual Studio Solution File, Format Version 12.00
# Visual Studio Version 17
VisualStudioVersion = 17.14.35906.104 d17.14
MinimumVisualStudioVersion = 10.0.40219.1
Project("{FAE04EC0-301F-11D3-BF4B-00C04F79EFBC}") = "AzureDevOpsMCPServer", "AzureDevOpsMCPServer\AzureDevOpsMCPServer.csproj", "{8DC36966-106A-4F3D-B342-432CDCBAF519}"
EndProject
Global
	GlobalSection(SolutionConfigurationPlatforms) = preSolution
		Debug|Any CPU = Debug|Any CPU
		Release|Any CPU = Release|Any CPU
	EndGlobalSection
	GlobalSection(ProjectConfigurationPlatforms) = postSolution
		{8DC36966-106A-4F3D-B342-432CDCBAF519}.Debug|Any CPU.ActiveCfg = Debug|Any CPU
		{8DC36966-106A-4F3D-B342-432CDCBAF519}.Debug|Any CPU.Build.0 = Debug|Any CPU
		{8DC36966-106A-4F3D-B342-432CDCBAF519}.Release|Any CPU.ActiveCfg = Release|Any CPU
		{8DC36966-106A-4F3D-B342-432CDCBAF519}.Release|Any CPU.Build.0 = Release|Any CPU
	EndGlobalSection
	GlobalSection(SolutionProperties) = preSolution
		HideSolutionNode = FALSE
	EndGlobalSection
	GlobalSection(ExtensibilityGlobals) = postSolution
		SolutionGuid = {1BE3B24E-BA53-49B1-91BC-EDE9631ED2AC}
	EndGlobalSection
EndGlobal
